// !$*UTF8*$!
{
	archiveVersion = 1;
	classes = {
	};
	objectVersion = 46;
	objects = {

/* Begin PBXBuildFile section */
		4841AF451A1A2941001308F7 /* main.m in Sources */ = {isa = PBXBuildFile; fileRef = 4841AF441A1A2941001308F7 /* main.m */; };
		4841AF481A1A2941001308F7 /* AppDelegate.m in Sources */ = {isa = PBXBuildFile; fileRef = 4841AF471A1A2941001308F7 /* AppDelegate.m */; };
		4841AF4B1A1A2941001308F7 /* ViewController.m in Sources */ = {isa = PBXBuildFile; fileRef = 4841AF4A1A1A2941001308F7 /* ViewController.m */; };
		4841AF4E1A1A2941001308F7 /* Main.storyboard in Resources */ = {isa = PBXBuildFile; fileRef = 4841AF4C1A1A2941001308F7 /* Main.storyboard */; };
		4841AF501A1A2941001308F7 /* Images.xcassets in Resources */ = {isa = PBXBuildFile; fileRef = 4841AF4F1A1A2941001308F7 /* Images.xcassets */; };
		48D07A211A1BEA5400425406 /* SCNavTabBar.bundle in Resources */ = {isa = PBXBuildFile; fileRef = 48D07A181A1BEA5400425406 /* SCNavTabBar.bundle */; };
		48D07A221A1BEA5400425406 /* SCNavTabBarController.m in Sources */ = {isa = PBXBuildFile; fileRef = 48D07A1B1A1BEA5400425406 /* SCNavTabBarController.m */; };
		48D07A231A1BEA5400425406 /* SCNavTabBar.m in Sources */ = {isa = PBXBuildFile; fileRef = 48D07A1E1A1BEA5400425406 /* SCNavTabBar.m */; };
		48D07A241A1BEA5400425406 /* SCPopView.m in Sources */ = {isa = PBXBuildFile; fileRef = 48D07A201A1BEA5400425406 /* SCPopView.m */; };
		EEC82F961CB79DE2001CE693 /* SCNavTabBarController.podspec in Resources */ = {isa = PBXBuildFile; fileRef = EEC82F951CB79DE2001CE693 /* SCNavTabBarController.podspec */; };
		F6E6B47A1DA67B190042E51B /* Default-568h@2x.png in Resources */ = {isa = PBXBuildFile; fileRef = F6E6B4791DA67B190042E51B /* Default-568h@2x.png */; };
/* End PBXBuildFile section */

/* Begin PBXFileReference section */
		4841AF3F1A1A2941001308F7 /* SCNavTabbarDemo.app */ = {isa = PBXFileReference; explicitFileType = wrapper.application; includeInIndex = 0; path = SCNavTabbarDemo.app; sourceTree = BUILT_PRODUCTS_DIR; };
		4841AF431A1A2941001308F7 /* Info.plist */ = {isa = PBXFileReference; lastKnownFileType = text.plist.xml; path = Info.plist; sourceTree = "<group>"; };
		4841AF441A1A2941001308F7 /* main.m */ = {isa = PBXFileReference; lastKnownFileType = sourcecode.c.objc; path = main.m; sourceTree = "<group>"; };
		4841AF461A1A2941001308F7 /* AppDelegate.h */ = {isa = PBXFileReference; lastKnownFileType = sourcecode.c.h; path = AppDelegate.h; sourceTree = "<group>"; };
		4841AF471A1A2941001308F7 /* AppDelegate.m */ = {isa = PBXFileReference; lastKnownFileType = sourcecode.c.objc; path = AppDelegate.m; sourceTree = "<group>"; };
		4841AF491A1A2941001308F7 /* ViewController.h */ = {isa = PBXFileReference; lastKnownFileType = sourcecode.c.h; path = ViewController.h; sourceTree = "<group>"; };
		4841AF4A1A1A2941001308F7 /* ViewController.m */ = {isa = PBXFileReference; lastKnownFileType = sourcecode.c.objc; path = ViewController.m; sourceTree = "<group>"; };
		4841AF4D1A1A2941001308F7 /* Base */ = {isa = PBXFileReference; lastKnownFileType = file.storyboard; name = Base; path = Base.lproj/Main.storyboard; sourceTree = "<group>"; };
		4841AF4F1A1A2941001308F7 /* Images.xcassets */ = {isa = PBXFileReference; lastKnownFileType = folder.assetcatalog; path = Images.xcassets; sourceTree = "<group>"; };
		48D07A171A1BEA5400425406 /* CommonMacro.h */ = {isa = PBXFileReference; fileEncoding = 4; lastKnownFileType = sourcecode.c.h; path = CommonMacro.h; sourceTree = "<group>"; };
		48D07A181A1BEA5400425406 /* SCNavTabBar.bundle */ = {isa = PBXFileReference; lastKnownFileType = "wrapper.plug-in"; path = SCNavTabBar.bundle; sourceTree = "<group>"; };
		48D07A1A1A1BEA5400425406 /* SCNavTabBarController.h */ = {isa = PBXFileReference; fileEncoding = 4; lastKnownFileType = sourcecode.c.h; path = SCNavTabBarController.h; sourceTree = "<group>"; };
		48D07A1B1A1BEA5400425406 /* SCNavTabBarController.m */ = {isa = PBXFileReference; fileEncoding = 4; lastKnownFileType = sourcecode.c.objc; path = SCNavTabBarController.m; sourceTree = "<group>"; };
		48D07A1D1A1BEA5400425406 /* SCNavTabBar.h */ = {isa = PBXFileReference; fileEncoding = 4; lastKnownFileType = sourcecode.c.h; path = SCNavTabBar.h; sourceTree = "<group>"; };
		48D07A1E1A1BEA5400425406 /* SCNavTabBar.m */ = {isa = PBXFileReference; fileEncoding = 4; lastKnownFileType = sourcecode.c.objc; path = SCNavTabBar.m; sourceTree = "<group>"; };
		48D07A1F1A1BEA5400425406 /* SCPopView.h */ = {isa = PBXFileReference; fileEncoding = 4; lastKnownFileType = sourcecode.c.h; path = SCPopView.h; sourceTree = "<group>"; };
		48D07A201A1BEA5400425406 /* SCPopView.m */ = {isa = PBXFileReference; fileEncoding = 4; lastKnownFileType = sourcecode.c.objc; path = SCPopView.m; sourceTree = "<group>"; };
		EEC82F951CB79DE2001CE693 /* SCNavTabBarController.podspec */ = {isa = PBXFileReference; fileEncoding = 4; lastKnownFileType = text; path = SCNavTabBarController.podspec; sourceTree = SOURCE_ROOT; };
		F6E6B4791DA67B190042E51B /* Default-568h@2x.png */ = {isa = PBXFileReference; lastKnownFileType = image.png; path = "Default-568h@2x.png"; sourceTree = "<group>"; };
/* End PBXFileReference section */

/* Begin PBXFrameworksBuildPhase section */
		4841AF3C1A1A2941001308F7 /* Frameworks */ = {
			isa = PBXFrameworksBuildPhase;
			buildActionMask = 2147483647;
			files = (
			);
			runOnlyForDeploymentPostprocessing = 0;
		};
/* End PBXFrameworksBuildPhase section */

/* Begin PBXGroup section */
		4841AF361A1A2941001308F7 = {
			isa = PBXGroup;
			children = (
				F6E6B4791DA67B190042E51B /* Default-568h@2x.png */,
				4841AF411A1A2941001308F7 /* SCNavTabBarControllerDemo */,
				4841AF401A1A2941001308F7 /* Products */,
			);
			sourceTree = "<group>";
		};
		4841AF401A1A2941001308F7 /* Products */ = {
			isa = PBXGroup;
			children = (
				4841AF3F1A1A2941001308F7 /* SCNavTabbarDemo.app */,
			);
			name = Products;
			sourceTree = "<group>";
		};
		4841AF411A1A2941001308F7 /* SCNavTabBarControllerDemo */ = {
			isa = PBXGroup;
			children = (
				48D07A161A1BEA5400425406 /* SCNavTabBarController */,
				4841AF461A1A2941001308F7 /* AppDelegate.h */,
				4841AF471A1A2941001308F7 /* AppDelegate.m */,
				4841AF491A1A2941001308F7 /* ViewController.h */,
				4841AF4A1A1A2941001308F7 /* ViewController.m */,
				4841AF4C1A1A2941001308F7 /* Main.storyboard */,
				4841AF4F1A1A2941001308F7 /* Images.xcassets */,
				4841AF421A1A2941001308F7 /* Supporting Files */,
			);
			name = SCNavTabBarControllerDemo;
			path = SCNavTabbarDemo;
			sourceTree = "<group>";
		};
		4841AF421A1A2941001308F7 /* Supporting Files */ = {
			isa = PBXGroup;
			children = (
				EEC82F951CB79DE2001CE693 /* SCNavTabBarController.podspec */,
				4841AF431A1A2941001308F7 /* Info.plist */,
				4841AF441A1A2941001308F7 /* main.m */,
			);
			name = "Supporting Files";
			sourceTree = "<group>";
		};
		48D07A161A1BEA5400425406 /* SCNavTabBarController */ = {
			isa = PBXGroup;
			children = (
				48D07A171A1BEA5400425406 /* CommonMacro.h */,
				48D07A181A1BEA5400425406 /* SCNavTabBar.bundle */,
				48D07A191A1BEA5400425406 /* ViewControllers */,
				48D07A1C1A1BEA5400425406 /* Views */,
			);
			path = SCNavTabBarController;
			sourceTree = SOURCE_ROOT;
		};
		48D07A191A1BEA5400425406 /* ViewControllers */ = {
			isa = PBXGroup;
			children = (
				48D07A1A1A1BEA5400425406 /* SCNavTabBarController.h */,
				48D07A1B1A1BEA5400425406 /* SCNavTabBarController.m */,
			);
			path = ViewControllers;
			sourceTree = "<group>";
		};
		48D07A1C1A1BEA5400425406 /* Views */ = {
			isa = PBXGroup;
			children = (
				48D07A1D1A1BEA5400425406 /* SCNavTabBar.h */,
				48D07A1E1A1BEA5400425406 /* SCNavTabBar.m */,
				48D07A1F1A1BEA5400425406 /* SCPopView.h */,
				48D07A201A1BEA5400425406 /* SCPopView.m */,
			);
			path = Views;
			sourceTree = "<group>";
		};
/* End PBXGroup section */

/* Begin PBXNativeTarget section */
		4841AF3E1A1A2941001308F7 /* SCNavTabbarDemo */ = {
			isa = PBXNativeTarget;
			buildConfigurationList = 4841AF621A1A2942001308F7 /* Build configuration list for PBXNativeTarget "SCNavTabbarDemo" */;
			buildPhases = (
				4841AF3B1A1A2941001308F7 /* Sources */,
				4841AF3C1A1A2941001308F7 /* Frameworks */,
				4841AF3D1A1A2941001308F7 /* Resources */,
			);
			buildRules = (
			);
			dependencies = (
			);
			name = SCNavTabbarDemo;
			productName = SCNavTabbarDemo;
			productReference = 4841AF3F1A1A2941001308F7 /* SCNavTabbarDemo.app */;
			productType = "com.apple.product-type.application";
		};
/* End PBXNativeTarget section */

/* Begin PBXProject section */
		4841AF371A1A2941001308F7 /* Project object */ = {
			isa = PBXProject;
			attributes = {
				LastUpgradeCheck = 0730;
				ORGANIZATIONNAME = SCNavTabbarDemo;
				TargetAttributes = {
					4841AF3E1A1A2941001308F7 = {
						CreatedOnToolsVersion = 6.1;
					};
				};
			};
			buildConfigurationList = 4841AF3A1A1A2941001308F7 /* Build configuration list for PBXProject "SCNavTabBarControllerDemo" */;
			compatibilityVersion = "Xcode 3.2";
			developmentRegion = English;
			hasScannedForEncodings = 0;
			knownRegions = (
				en,
				Base,
			);
			mainGroup = 4841AF361A1A2941001308F7;
			productRefGroup = 4841AF401A1A2941001308F7 /* Products */;
			projectDirPath = "";
			projectRoot = "";
			targets = (
				4841AF3E1A1A2941001308F7 /* SCNavTabbarDemo */,
			);
		};
/* End PBXProject section */

/* Begin PBXResourcesBuildPhase section */
		4841AF3D1A1A2941001308F7 /* Resources */ = {
			isa = PBXResourcesBuildPhase;
			buildActionMask = 2147483647;
			files = (
				4841AF4E1A1A2941001308F7 /* Main.storyboard in Resources */,
				48D07A211A1BEA5400425406 /* SCNavTabBar.bundle in Resources */,
				EEC82F961CB79DE2001CE693 /* SCNavTabBarController.podspec in Resources */,
				F6E6B47A1DA67B190042E51B /* Default-568h@2x.png in Resources */,
				4841AF501A1A2941001308F7 /* Images.xcassets in Resources */,
			);
			runOnlyForDeploymentPostprocessing = 0;
		};
/* End PBXResourcesBuildPhase section */

/* Begin PBXSourcesBuildPhase section */
		4841AF3B1A1A2941001308F7 /* Sources */ = {
			isa = PBXSourcesBuildPhase;
			buildActionMask = 2147483647;
			files = (
				48D07A241A1BEA5400425406 /* SCPopView.m in Sources */,
				4841AF4B1A1A2941001308F7 /* ViewController.m in Sources */,
				48D07A221A1BEA5400425406 /* SCNavTabBarController.m in Sources */,
				4841AF481A1A2941001308F7 /* AppDelegate.m in Sources */,
				48D07A231A1BEA5400425406 /* SCNavTabBar.m in Sources */,
				4841AF451A1A2941001308F7 /* main.m in Sources */,
			);
			runOnlyForDeploymentPostprocessing = 0;
		};
/* End PBXSourcesBuildPhase section */

/* Begin PBXVariantGroup section */
		4841AF4C1A1A2941001308F7 /* Main.storyboard */ = {
			isa = PBXVariantGroup;
			children = (
				4841AF4D1A1A2941001308F7 /* Base */,
			);
			name = Main.storyboard;
			sourceTree = "<group>";
		};
/* End PBXVariantGroup section */

/* Begin XCBuildConfiguration section */
		4841AF601A1A2942001308F7 /* Debug */ = {
			isa = XCBuildConfiguration;
			buildSettings = {
				ALWAYS_SEARCH_USER_PATHS = NO;
				CLANG_CXX_LANGUAGE_STANDARD = "gnu++0x";
				CLANG_CXX_LIBRARY = "libc++";
				CLANG_ENABLE_MODULES = YES;
				CLANG_ENABLE_OBJC_ARC = YES;
				CLANG_WARN_BOOL_CONVERSION = YES;
				CLANG_WARN_CONSTANT_CONVERSION = YES;
				CLANG_WARN_DIRECT_OBJC_ISA_USAGE = YES_ERROR;
				CLANG_WARN_EMPTY_BODY = YES;
				CLANG_WARN_ENUM_CONVERSION = YES;
				CLANG_WARN_INT_CONVERSION = YES;
				CLANG_WARN_OBJC_ROOT_CLASS = YES_ERROR;
				CLANG_WARN_UNREACHABLE_CODE = YES;
				CLANG_WARN__DUPLICATE_METHOD_MATCH = YES;
				"CODE_SIGN_IDENTITY[sdk=iphoneos*]" = "iPhone Developer";
				COPY_PHASE_STRIP = NO;
				ENABLE_STRICT_OBJC_MSGSEND = YES;
				ENABLE_TESTABILITY = YES;
				GCC_C_LANGUAGE_STANDARD = gnu99;
				GCC_DYNAMIC_NO_PIC = NO;
				GCC_OPTIMIZATION_LEVEL = 0;
				GCC_PREPROCESSOR_DEFINITIONS = (
					"DEBUG=1",
					"$(inherited)",
				);
				GCC_SYMBOLS_PRIVATE_EXTERN = NO;
				GCC_WARN_64_TO_32_BIT_CONVERSION = YES;
				GCC_WARN_ABOUT_RETURN_TYPE = YES_ERROR;
				GCC_WARN_UNDECLARED_SELECTOR = YES;
				GCC_WARN_UNINITIALIZED_AUTOS = YES_AGGRESSIVE;
				GCC_WARN_UNUSED_FUNCTION = YES;
				GCC_WARN_UNUSED_VARIABLE = YES;
				IPHONEOS_DEPLOYMENT_TARGET = 7.0;
				MTL_ENABLE_DEBUG_INFO = YES;
				ONLY_ACTIVE_ARCH = YES;
				SDKROOT = iphoneos;
			};
			name = Debug;
		};
		4841AF611A1A2942001308F7 /* Release */ = {
			isa = XCBuildConfiguration;
			buildSettings = {
				ALWAYS_SEARCH_USER_PATHS = NO;
				CLANG_CXX_LANGUAGE_STANDARD = "gnu++0x";
				CLANG_CXX_LIBRARY = "libc++";
				CLANG_ENABLE_MODULES = YES;
				CLANG_ENABLE_OBJC_ARC = YES;
				CLANG_WARN_BOOL_CONVERSION = YES;
				CLANG_WARN_CONSTANT_CONVERSION = YES;
				CLANG_WARN_DIRECT_OBJC_ISA_USAGE = YES_ERROR;
				CLANG_WARN_EMPTY_BODY = YES;
				CLANG_WARN_ENUM_CONVERSION = YES;
				CLANG_WARN_INT_CONVERSION = YES;
				CLANG_WARN_OBJC_ROOT_CLASS = YES_ERROR;
				CLANG_WARN_UNREACHABLE_CODE = YES;
				CLANG_WARN__DUPLICATE_METHOD_MATCH = YES;
				"CODE_SIGN_IDENTITY[sdk=iphoneos*]" = "iPhone Developer";
				COPY_PHASE_STRIP = YES;
				ENABLE_NS_ASSERTIONS = NO;
				ENABLE_STRICT_OBJC_MSGSEND = YES;
				GCC_C_LANGUAGE_STANDARD = gnu99;
				GCC_WARN_64_TO_32_BIT_CONVERSION = YES;
				GCC_WARN_ABOUT_RETURN_TYPE = YES_ERROR;
				GCC_WARN_UNDECLARED_SELECTOR = YES;
				GCC_WARN_UNINITIALIZED_AUTOS = YES_AGGRESSIVE;
				GCC_WARN_UNUSED_FUNCTION = YES;
				GCC_WARN_UNUSED_VARIABLE = YES;
				IPHONEOS_DEPLOYMENT_TARGET = 7.0;
				MTL_ENABLE_DEBUG_INFO = NO;
				SDKROOT = iphoneos;
				VALIDATE_PRODUCT = YES;
			};
			name = Release;
		};
		4841AF631A1A2942001308F7 /* Debug */ = {
			isa = XCBuildConfiguration;
			buildSettings = {
				ASSETCATALOG_COMPILER_APPICON_NAME = AppIcon;
				CODE_SIGN_IDENTITY = "iPhone Developer: Xiao Baotong (CTJ684EEY5)";
				INFOPLIST_FILE = SCNavTabbarDemo/Info.plist;
				IPHONEOS_DEPLOYMENT_TARGET = 7.0;
				LD_RUNPATH_SEARCH_PATHS = "$(inherited) @executable_path/Frameworks";
				PRODUCT_BUNDLE_IDENTIFIER = com.LianYinTest2.SCNavTabbarDemo;
				PRODUCT_NAME = "$(TARGET_NAME)";
				PROVISIONING_PROFILE = "E36A3204-2221-4822-8F79-59CD1D2B9CFF";
			};
			name = Debug;
		};
		4841AF641A1A2942001308F7 /* Release */ = {
			isa = XCBuildConfiguration;
			buildSettings = {
				ASSETCATALOG_COMPILER_APPICON_NAME = AppIcon;
				CODE_SIGN_IDENTITY = "iPhone Developer: Xiao Baotong (CTJ684EEY5)";
				INFOPLIST_FILE = SCNavTabbarDemo/Info.plist;
				IPHONEOS_DEPLOYMENT_TARGET = 7.0;
				LD_RUNPATH_SEARCH_PATHS = "$(inherited) @executable_path/Frameworks";
				PRODUCT_BUNDLE_IDENTIFIER = com.LianYinTest2.SCNavTabbarDemo;
				PRODUCT_NAME = "$(TARGET_NAME)";
				PROVISIONING_PROFILE = "E36A3204-2221-4822-8F79-59CD1D2B9CFF";
			};
			name = Release;
		};
/* End XCBuildConfiguration section */

/* Begin XCConfigurationList section */
		4841AF3A1A1A2941001308F7 /* Build configuration list for PBXProject "SCNavTabBarControllerDemo" */ = {
			isa = XCConfigurationList;
			buildConfigurations = (
				4841AF601A1A2942001308F7 /* Debug */,
				4841AF611A1A2942001308F7 /* Release */,
			);
			defaultConfigurationIsVisible = 0;
			defaultConfigurationName = Release;
		};
		4841AF621A1A2942001308F7 /* Build configuration list for PBXNativeTarget "SCNavTabbarDemo" */ = {
			isa = XCConfigurationList;
			buildConfigurations = (
				4841AF631A1A2942001308F7 /* Debug */,
				4841AF641A1A2942001308F7 /* Release */,
			);
			defaultConfigurationIsVisible = 0;
			defaultConfigurationName = Release;
		};
/* End XCConfigurationList section */
	};
	rootObject = 4841AF371A1A2941001308F7 /* Project object */;
}
